
Microsoft Visual Studio Solution File, Format Version 12.00
# Visual Studio 2013
VisualStudioVersion = 12.0.21005.1
MinimumVisualStudioVersion = 10.0.40219.1
Project("{2150E333-8FDC-42A3-9474-1A3956D46DE8}") = ".nuget", ".nuget", "{AF7AE63A-C26A-4533-AD64-CA8F84A87AB7}"
	ProjectSection(SolutionItems) = preProject
		.nuget\NuGet.Config = .nuget\NuGet.Config
		.nuget\NuGet.exe = .nuget\NuGet.exe
		.nuget\NuGet.targets = .nuget\NuGet.targets
	EndProjectSection
EndProject
Project("{FAE04EC0-301F-11D3-BF4B-00C04F79EFBC}") = "Logger", "Logger\Logger.csproj", "{DC359C64-AC2B-42D4-BB3F-45FB6371EB37}"
EndProject
Project("{FAE04EC0-301F-11D3-BF4B-00C04F79EFBC}") = "Logger.Tests", "Logger.Tests\Logger.Tests.csproj", "{271BB8C5-8501-4F69-B707-68B825427427}"
EndProject
Project("{2150E333-8FDC-42A3-9474-1A3956D46DE8}") = "Solution Items", "Solution Items", "{F17A6391-78F6-4CBD-9212-2D262B654A3D}"
	ProjectSection(SolutionItems) = preProject
		nuspec.xsd = nuspec.xsd
	EndProjectSection
EndProject
Global
	GlobalSection(SolutionConfigurationPlatforms) = preSolution
		Debug|Any CPU = Debug|Any CPU
		Release|Any CPU = Release|Any CPU
	EndGlobalSection
	GlobalSection(ProjectConfigurationPlatforms) = postSolution
		{DC359C64-AC2B-42D4-BB3F-45FB6371EB37}.Debug|Any CPU.ActiveCfg = Debug|Any CPU
		{DC359C64-AC2B-42D4-BB3F-45FB6371EB37}.Debug|Any CPU.Build.0 = Debug|Any CPU
		{DC359C64-AC2B-42D4-BB3F-45FB6371EB37}.Release|Any CPU.ActiveCfg = Release|Any CPU
		{DC359C64-AC2B-42D4-BB3F-45FB6371EB37}.Release|Any CPU.Build.0 = Release|Any CPU
		{271BB8C5-8501-4F69-B707-68B825427427}.Debug|Any CPU.ActiveCfg = Debug|Any CPU
		{271BB8C5-8501-4F69-B707-68B825427427}.Debug|Any CPU.Build.0 = Debug|Any CPU
		{271BB8C5-8501-4F69-B707-68B825427427}.Release|Any CPU.ActiveCfg = Release|Any CPU
		{271BB8C5-8501-4F69-B707-68B825427427}.Release|Any CPU.Build.0 = Release|Any CPU
	EndGlobalSection
	GlobalSection(SolutionProperties) = preSolution
		HideSolutionNode = FALSE
	EndGlobalSection
EndGlobal
